
Microsoft Visual Studio Solution File, Format Version 12.00
# Visual Studio Version 17
VisualStudioVersion = 17.6.33801.468
MinimumVisualStudioVersion = 10.0.40219.1
Project("{9A19103F-16F7-4668-BE54-9A1E7A4F7556}") = "VsSolutionGenerator", "VsSolutionGenerator\VsSolutionGenerator.csproj", "{88476A77-374A-4153-9D82-DDB4588BD618}"
EndProject
Project("{9A19103F-16F7-4668-BE54-9A1E7A4F7556}") = "Sln.Net", "Sln.Net\Sln.Net.csproj", "{46E2C123-FC51-44C3-BA45-BF43F12F9112}"
EndProject
Global
	GlobalSection(SolutionConfigurationPlatforms) = preSolution
		Debug|Any CPU = Debug|Any CPU
		Release|Any CPU = Release|Any CPU
	EndGlobalSection
	GlobalSection(ProjectConfigurationPlatforms) = postSolution
		{88476A77-374A-4153-9D82-DDB4588BD618}.Debug|Any CPU.ActiveCfg = Debug|Any CPU
		{88476A77-374A-4153-9D82-DDB4588BD618}.Debug|Any CPU.Build.0 = Debug|Any CPU
		{88476A77-374A-4153-9D82-DDB4588BD618}.Release|Any CPU.ActiveCfg = Release|Any CPU
		{88476A77-374A-4153-9D82-DDB4588BD618}.Release|Any CPU.Build.0 = Release|Any CPU
		{46E2C123-FC51-44C3-BA45-BF43F12F9112}.Debug|Any CPU.ActiveCfg = Debug|Any CPU
		{46E2C123-FC51-44C3-BA45-BF43F12F9112}.Debug|Any CPU.Build.0 = Debug|Any CPU
		{46E2C123-FC51-44C3-BA45-BF43F12F9112}.Release|Any CPU.ActiveCfg = Release|Any CPU
		{46E2C123-FC51-44C3-BA45-BF43F12F9112}.Release|Any CPU.Build.0 = Release|Any CPU
	EndGlobalSection
	GlobalSection(SolutionProperties) = preSolution
		HideSolutionNode = FALSE
	EndGlobalSection
	GlobalSection(ExtensibilityGlobals) = postSolution
		SolutionGuid = {F4653D0D-EF44-4EC8-A585-5CA6463B100B}
	EndGlobalSection
EndGlobal
